
Microsoft Visual Studio Solution File, Format Version 12.00
# Visual Studio Version 17
VisualStudioVersion = 17.13.35806.99
MinimumVisualStudioVersion = 10.0.40219.1
Project("{FAE04EC0-301F-11D3-BF4B-00C04F79EFBC}") = "XLReport", "XLReport\XLReport.csproj", "{B1092FA2-096C-48C7-920E-D00BA5269E02}"
EndProject
Project("{FAE04EC0-301F-11D3-BF4B-00C04F79EFBC}") = "XLReport.Tests.Runner", "Tests.4.6.1\XLReport.Tests.Runner.csproj", "{73AAF80B-0066-4134-A22A-6F561FD91AA9}"
EndProject
Project("{FAE04EC0-301F-11D3-BF4B-00C04F79EFBC}") = "XLReport.Tests", "Tests.4.6.1Tests\XLReport.Tests.csproj", "{70902E13-23C1-4D7D-8EE2-0646F5FF3E65}"
EndProject
Global
	GlobalSection(SolutionConfigurationPlatforms) = preSolution
		Debug|Any CPU = Debug|Any CPU
		Release|Any CPU = Release|Any CPU
	EndGlobalSection
	GlobalSection(ProjectConfigurationPlatforms) = postSolution
		{B1092FA2-096C-48C7-920E-D00BA5269E02}.Debug|Any CPU.ActiveCfg = Debug|Any CPU
		{B1092FA2-096C-48C7-920E-D00BA5269E02}.Debug|Any CPU.Build.0 = Debug|Any CPU
		{B1092FA2-096C-48C7-920E-D00BA5269E02}.Release|Any CPU.ActiveCfg = Release|Any CPU
		{B1092FA2-096C-48C7-920E-D00BA5269E02}.Release|Any CPU.Build.0 = Release|Any CPU
		{73AAF80B-0066-4134-A22A-6F561FD91AA9}.Debug|Any CPU.ActiveCfg = Debug|Any CPU
		{73AAF80B-0066-4134-A22A-6F561FD91AA9}.Debug|Any CPU.Build.0 = Debug|Any CPU
		{73AAF80B-0066-4134-A22A-6F561FD91AA9}.Release|Any CPU.ActiveCfg = Release|Any CPU
		{73AAF80B-0066-4134-A22A-6F561FD91AA9}.Release|Any CPU.Build.0 = Release|Any CPU
		{70902E13-23C1-4D7D-8EE2-0646F5FF3E65}.Debug|Any CPU.ActiveCfg = Debug|Any CPU
		{70902E13-23C1-4D7D-8EE2-0646F5FF3E65}.Debug|Any CPU.Build.0 = Debug|Any CPU
		{70902E13-23C1-4D7D-8EE2-0646F5FF3E65}.Release|Any CPU.ActiveCfg = Release|Any CPU
		{70902E13-23C1-4D7D-8EE2-0646F5FF3E65}.Release|Any CPU.Build.0 = Release|Any CPU
	EndGlobalSection
	GlobalSection(SolutionProperties) = preSolution
		HideSolutionNode = FALSE
	EndGlobalSection
	GlobalSection(ExtensibilityGlobals) = postSolution
		SolutionGuid = {0DF40629-9654-40F1-AE8D-5F0789BCFEAF}
	EndGlobalSection
EndGlobal
